
Microsoft Visual Studio Solution File, Format Version 12.00
# Visual Studio Version 17
VisualStudioVersion = 17.13.35818.85
MinimumVisualStudioVersion = 10.0.40219.1
Project("{FAE04EC0-301F-11D3-BF4B-00C04F79EFBC}") = "Pressentation_MVC", "Pressentation_MVC\Pressentation_MVC.csproj", "{92297F3E-2215-4594-B317-373C3601DB1C}"
EndProject
Project("{FAE04EC0-301F-11D3-BF4B-00C04F79EFBC}") = "Business", "Business\Business.csproj", "{C2E531E6-B498-4C25-8D0A-3EC40560AF08}"
EndProject
Project("{FAE04EC0-301F-11D3-BF4B-00C04F79EFBC}") = "Data", "Data\Data.csproj", "{BAE7DD23-4D83-4BF6-98B9-6FB5D0E460DC}"
EndProject
Project("{FAE04EC0-301F-11D3-BF4B-00C04F79EFBC}") = "Domain", "Domain\Domain.csproj", "{170C3D2C-BA1F-4E10-8C0B-E428E588D449}"
EndProject
Global
	GlobalSection(SolutionConfigurationPlatforms) = preSolution
		Debug|Any CPU = Debug|Any CPU
		Release|Any CPU = Release|Any CPU
	EndGlobalSection
	GlobalSection(ProjectConfigurationPlatforms) = postSolution
		{92297F3E-2215-4594-B317-373C3601DB1C}.Debug|Any CPU.ActiveCfg = Debug|Any CPU
		{92297F3E-2215-4594-B317-373C3601DB1C}.Debug|Any CPU.Build.0 = Debug|Any CPU
		{92297F3E-2215-4594-B317-373C3601DB1C}.Release|Any CPU.ActiveCfg = Release|Any CPU
		{92297F3E-2215-4594-B317-373C3601DB1C}.Release|Any CPU.Build.0 = Release|Any CPU
		{C2E531E6-B498-4C25-8D0A-3EC40560AF08}.Debug|Any CPU.ActiveCfg = Debug|Any CPU
		{C2E531E6-B498-4C25-8D0A-3EC40560AF08}.Debug|Any CPU.Build.0 = Debug|Any CPU
		{C2E531E6-B498-4C25-8D0A-3EC40560AF08}.Release|Any CPU.ActiveCfg = Release|Any CPU
		{C2E531E6-B498-4C25-8D0A-3EC40560AF08}.Release|Any CPU.Build.0 = Release|Any CPU
		{BAE7DD23-4D83-4BF6-98B9-6FB5D0E460DC}.Debug|Any CPU.ActiveCfg = Debug|Any CPU
		{BAE7DD23-4D83-4BF6-98B9-6FB5D0E460DC}.Debug|Any CPU.Build.0 = Debug|Any CPU
		{BAE7DD23-4D83-4BF6-98B9-6FB5D0E460DC}.Release|Any CPU.ActiveCfg = Release|Any CPU
		{BAE7DD23-4D83-4BF6-98B9-6FB5D0E460DC}.Release|Any CPU.Build.0 = Release|Any CPU
		{170C3D2C-BA1F-4E10-8C0B-E428E588D449}.Debug|Any CPU.ActiveCfg = Debug|Any CPU
		{170C3D2C-BA1F-4E10-8C0B-E428E588D449}.Debug|Any CPU.Build.0 = Debug|Any CPU
		{170C3D2C-BA1F-4E10-8C0B-E428E588D449}.Release|Any CPU.ActiveCfg = Release|Any CPU
		{170C3D2C-BA1F-4E10-8C0B-E428E588D449}.Release|Any CPU.Build.0 = Release|Any CPU
	EndGlobalSection
	GlobalSection(SolutionProperties) = preSolution
		HideSolutionNode = FALSE
	EndGlobalSection
	GlobalSection(ExtensibilityGlobals) = postSolution
		SolutionGuid = {83363E23-6490-416F-B0E2-BF3424169935}
	EndGlobalSection
EndGlobal
